// !$*UTF8*$!
{
	archiveVersion = 1;
	classes = {
	};
	objectVersion = 50;
	objects = {

/* Begin PBXBuildFile section */
		2B32274225181DC100C6512D /* VehicleCell.swift in Sources */ = {isa = PBXBuildFile; fileRef = 2B32274125181DC100C6512D /* VehicleCell.swift */; };
		2B8261742517E70F005BC07C /* Vehicle+CoreDataClass.swift in Sources */ = {isa = PBXBuildFile; fileRef = 2B8261702517E70F005BC07C /* Vehicle+CoreDataClass.swift */; };
		2B8261752517E70F005BC07C /* Vehicle+CoreDataProperties.swift in Sources */ = {isa = PBXBuildFile; fileRef = 2B8261712517E70F005BC07C /* Vehicle+CoreDataProperties.swift */; };
		2B8261762517E70F005BC07C /* Maintenance_Item+CoreDataClass.swift in Sources */ = {isa = PBXBuildFile; fileRef = 2B8261722517E70F005BC07C /* Maintenance_Item+CoreDataClass.swift */; };
		2B8261772517E70F005BC07C /* Maintenance_Item+CoreDataProperties.swift in Sources */ = {isa = PBXBuildFile; fileRef = 2B8261732517E70F005BC07C /* Maintenance_Item+CoreDataProperties.swift */; };
		2BF9FA3C2516BD95006ACEA5 /* AppDelegate.swift in Sources */ = {isa = PBXBuildFile; fileRef = 2BF9FA3B2516BD95006ACEA5 /* AppDelegate.swift */; };
		2BF9FA3E2516BD95006ACEA5 /* SceneDelegate.swift in Sources */ = {isa = PBXBuildFile; fileRef = 2BF9FA3D2516BD95006ACEA5 /* SceneDelegate.swift */; };
		2BF9FA402516BD95006ACEA5 /* ViewController.swift in Sources */ = {isa = PBXBuildFile; fileRef = 2BF9FA3F2516BD95006ACEA5 /* ViewController.swift */; };
		2BF9FA432516BD95006ACEA5 /* Main.storyboard in Resources */ = {isa = PBXBuildFile; fileRef = 2BF9FA412516BD95006ACEA5 /* Main.storyboard */; };
		2BF9FA462516BD95006ACEA5 /* Maintenance_Tracker.xcdatamodeld in Sources */ = {isa = PBXBuildFile; fileRef = 2BF9FA442516BD95006ACEA5 /* Maintenance_Tracker.xcdatamodeld */; };
		2BF9FA482516BD97006ACEA5 /* Assets.xcassets in Resources */ = {isa = PBXBuildFile; fileRef = 2BF9FA472516BD97006ACEA5 /* Assets.xcassets */; };
		2BF9FA4B2516BD97006ACEA5 /* LaunchScreen.storyboard in Resources */ = {isa = PBXBuildFile; fileRef = 2BF9FA492516BD97006ACEA5 /* LaunchScreen.storyboard */; };
/* End PBXBuildFile section */

/* Begin PBXFileReference section */
		2B32274125181DC100C6512D /* VehicleCell.swift */ = {isa = PBXFileReference; lastKnownFileType = sourcecode.swift; path = VehicleCell.swift; sourceTree = "<group>"; };
		2B8261702517E70F005BC07C /* Vehicle+CoreDataClass.swift */ = {isa = PBXFileReference; lastKnownFileType = sourcecode.swift; path = "Vehicle+CoreDataClass.swift"; sourceTree = "<group>"; };
		2B8261712517E70F005BC07C /* Vehicle+CoreDataProperties.swift */ = {isa = PBXFileReference; lastKnownFileType = sourcecode.swift; path = "Vehicle+CoreDataProperties.swift"; sourceTree = "<group>"; };
		2B8261722517E70F005BC07C /* Maintenance_Item+CoreDataClass.swift */ = {isa = PBXFileReference; lastKnownFileType = sourcecode.swift; path = "Maintenance_Item+CoreDataClass.swift"; sourceTree = "<group>"; };
		2B8261732517E70F005BC07C /* Maintenance_Item+CoreDataProperties.swift */ = {isa = PBXFileReference; lastKnownFileType = sourcecode.swift; path = "Maintenance_Item+CoreDataProperties.swift"; sourceTree = "<group>"; };
		2BF9FA382516BD95006ACEA5 /* Maintenance Tracker.app */ = {isa = PBXFileReference; explicitFileType = wrapper.application; includeInIndex = 0; path = "Maintenance Tracker.app"; sourceTree = BUILT_PRODUCTS_DIR; };
		2BF9FA3B2516BD95006ACEA5 /* AppDelegate.swift */ = {isa = PBXFileReference; lastKnownFileType = sourcecode.swift; path = AppDelegate.swift; sourceTree = "<group>"; };
		2BF9FA3D2516BD95006ACEA5 /* SceneDelegate.swift */ = {isa = PBXFileReference; lastKnownFileType = sourcecode.swift; path = SceneDelegate.swift; sourceTree = "<group>"; };
		2BF9FA3F2516BD95006ACEA5 /* ViewController.swift */ = {isa = PBXFileReference; lastKnownFileType = sourcecode.swift; path = ViewController.swift; sourceTree = "<group>"; };
		2BF9FA422516BD95006ACEA5 /* Base */ = {isa = PBXFileReference; lastKnownFileType = file.storyboard; name = Base; path = Base.lproj/Main.storyboard; sourceTree = "<group>"; };
		2BF9FA452516BD95006ACEA5 /* Maintenance_Tracker.xcdatamodel */ = {isa = PBXFileReference; lastKnownFileType = wrapper.xcdatamodel; path = Maintenance_Tracker.xcdatamodel; sourceTree = "<group>"; };
		2BF9FA472516BD97006ACEA5 /* Assets.xcassets */ = {isa = PBXFileReference; lastKnownFileType = folder.assetcatalog; path = Assets.xcassets; sourceTree = "<group>"; };
		2BF9FA4A2516BD97006ACEA5 /* Base */ = {isa = PBXFileReference; lastKnownFileType = file.storyboard; name = Base; path = Base.lproj/LaunchScreen.storyboard; sourceTree = "<group>"; };
		2BF9FA4C2516BD97006ACEA5 /* Info.plist */ = {isa = PBXFileReference; lastKnownFileType = text.plist.xml; path = Info.plist; sourceTree = "<group>"; };
/* End PBXFileReference section */

/* Begin PBXFrameworksBuildPhase section */
		2BF9FA352516BD95006ACEA5 /* Frameworks */ = {
			isa = PBXFrameworksBuildPhase;
			buildActionMask = 2147483647;
			files = (
			);
			runOnlyForDeploymentPostprocessing = 0;
		};
/* End PBXFrameworksBuildPhase section */

/* Begin PBXGroup section */
		2BF9FA2F2516BD95006ACEA5 = {
			isa = PBXGroup;
			children = (
				2B8261702517E70F005BC07C /* Vehicle+CoreDataClass.swift */,
				2B8261712517E70F005BC07C /* Vehicle+CoreDataProperties.swift */,
				2B8261722517E70F005BC07C /* Maintenance_Item+CoreDataClass.swift */,
				2B8261732517E70F005BC07C /* Maintenance_Item+CoreDataProperties.swift */,
				2BF9FA3A2516BD95006ACEA5 /* Maintenance Tracker */,
				2BF9FA392516BD95006ACEA5 /* Products */,
			);
			sourceTree = "<group>";
		};
		2BF9FA392516BD95006ACEA5 /* Products */ = {
			isa = PBXGroup;
			children = (
				2BF9FA382516BD95006ACEA5 /* Maintenance Tracker.app */,
			);
			name = Products;
			sourceTree = "<group>";
		};
		2BF9FA3A2516BD95006ACEA5 /* Maintenance Tracker */ = {
			isa = PBXGroup;
			children = (
				2BF9FA3B2516BD95006ACEA5 /* AppDelegate.swift */,
				2BF9FA3D2516BD95006ACEA5 /* SceneDelegate.swift */,
				2BF9FA3F2516BD95006ACEA5 /* ViewController.swift */,
				2B32274125181DC100C6512D /* VehicleCell.swift */,
				2BF9FA412516BD95006ACEA5 /* Main.storyboard */,
				2BF9FA472516BD97006ACEA5 /* Assets.xcassets */,
				2BF9FA492516BD97006ACEA5 /* LaunchScreen.storyboard */,
				2BF9FA4C2516BD97006ACEA5 /* Info.plist */,
				2BF9FA442516BD95006ACEA5 /* Maintenance_Tracker.xcdatamodeld */,
			);
			path = "Maintenance Tracker";
			sourceTree = "<group>";
		};
/* End PBXGroup section */

/* Begin PBXNativeTarget section */
		2BF9FA372516BD95006ACEA5 /* Maintenance Tracker */ = {
			isa = PBXNativeTarget;
			buildConfigurationList = 2BF9FA4F2516BD97006ACEA5 /* Build configuration list for PBXNativeTarget "Maintenance Tracker" */;
			buildPhases = (
				2BF9FA342516BD95006ACEA5 /* Sources */,
				2BF9FA352516BD95006ACEA5 /* Frameworks */,
				2BF9FA362516BD95006ACEA5 /* Resources */,
			);
			buildRules = (
			);
			dependencies = (
			);
			name = "Maintenance Tracker";
			productName = "Maintenance Tracker";
			productReference = 2BF9FA382516BD95006ACEA5 /* Maintenance Tracker.app */;
			productType = "com.apple.product-type.application";
		};
/* End PBXNativeTarget section */

/* Begin PBXProject section */
		2BF9FA302516BD95006ACEA5 /* Project object */ = {
			isa = PBXProject;
			attributes = {
				LastSwiftUpdateCheck = 1170;
				LastUpgradeCheck = 1170;
				ORGANIZATIONNAME = "Graham Nelson";
				TargetAttributes = {
					2BF9FA372516BD95006ACEA5 = {
						CreatedOnToolsVersion = 11.7;
					};
				};
			};
			buildConfigurationList = 2BF9FA332516BD95006ACEA5 /* Build configuration list for PBXProject "Maintenance Tracker" */;
			compatibilityVersion = "Xcode 9.3";
			developmentRegion = en;
			hasScannedForEncodings = 0;
			knownRegions = (
				en,
				Base,
			);
			mainGroup = 2BF9FA2F2516BD95006ACEA5;
			productRefGroup = 2BF9FA392516BD95006ACEA5 /* Products */;
			projectDirPath = "";
			projectRoot = "";
			targets = (
				2BF9FA372516BD95006ACEA5 /* Maintenance Tracker */,
			);
		};
/* End PBXProject section */

/* Begin PBXResourcesBuildPhase section */
		2BF9FA362516BD95006ACEA5 /* Resources */ = {
			isa = PBXResourcesBuildPhase;
			buildActionMask = 2147483647;
			files = (
				2BF9FA4B2516BD97006ACEA5 /* LaunchScreen.storyboard in Resources */,
				2BF9FA482516BD97006ACEA5 /* Assets.xcassets in Resources */,
				2BF9FA432516BD95006ACEA5 /* Main.storyboard in Resources */,
			);
			runOnlyForDeploymentPostprocessing = 0;
		};
/* End PBXResourcesBuildPhase section */

/* Begin PBXSourcesBuildPhase section */
		2BF9FA342516BD95006ACEA5 /* Sources */ = {
			isa = PBXSourcesBuildPhase;
			buildActionMask = 2147483647;
			files = (
				2B8261772517E70F005BC07C /* Maintenance_Item+CoreDataProperties.swift in Sources */,
				2BF9FA462516BD95006ACEA5 /* Maintenance_Tracker.xcdatamodeld in Sources */,
				2B8261762517E70F005BC07C /* Maintenance_Item+CoreDataClass.swift in Sources */,
				2B8261742517E70F005BC07C /* Vehicle+CoreDataClass.swift in Sources */,
				2B8261752517E70F005BC07C /* Vehicle+CoreDataProperties.swift in Sources */,
				2BF9FA402516BD95006ACEA5 /* ViewController.swift in Sources */,
				2B32274225181DC100C6512D /* VehicleCell.swift in Sources */,
				2BF9FA3C2516BD95006ACEA5 /* AppDelegate.swift in Sources */,
				2BF9FA3E2516BD95006ACEA5 /* SceneDelegate.swift in Sources */,
			);
			runOnlyForDeploymentPostprocessing = 0;
		};
/* End PBXSourcesBuildPhase section */

/* Begin PBXVariantGroup section */
		2BF9FA412516BD95006ACEA5 /* Main.storyboard */ = {
			isa = PBXVariantGroup;
			children = (
				2BF9FA422516BD95006ACEA5 /* Base */,
			);
			name = Main.storyboard;
			sourceTree = "<group>";
		};
		2BF9FA492516BD97006ACEA5 /* LaunchScreen.storyboard */ = {
			isa = PBXVariantGroup;
			children = (
				2BF9FA4A2516BD97006ACEA5 /* Base */,
			);
			name = LaunchScreen.storyboard;
			sourceTree = "<group>";
		};
/* End PBXVariantGroup section */

/* Begin XCBuildConfiguration section */
		2BF9FA4D2516BD97006ACEA5 /* Debug */ = {
			isa = XCBuildConfiguration;
			buildSettings = {
				ALWAYS_SEARCH_USER_PATHS = NO;
				CLANG_ANALYZER_NONNULL = YES;
				CLANG_ANALYZER_NUMBER_OBJECT_CONVERSION = YES_AGGRESSIVE;
				CLANG_CXX_LANGUAGE_STANDARD = "gnu++14";
				CLANG_CXX_LIBRARY = "libc++";
				CLANG_ENABLE_MODULES = YES;
				CLANG_ENABLE_OBJC_ARC = YES;
				CLANG_ENABLE_OBJC_WEAK = YES;
				CLANG_WARN_BLOCK_CAPTURE_AUTORELEASING = YES;
				CLANG_WARN_BOOL_CONVERSION = YES;
				CLANG_WARN_COMMA = YES;
				CLANG_WARN_CONSTANT_CONVERSION = YES;
				CLANG_WARN_DEPRECATED_OBJC_IMPLEMENTATIONS = YES;
				CLANG_WARN_DIRECT_OBJC_ISA_USAGE = YES_ERROR;
				CLANG_WARN_DOCUMENTATION_COMMENTS = YES;
				CLANG_WARN_EMPTY_BODY = YES;
				CLANG_WARN_ENUM_CONVERSION = YES;
				CLANG_WARN_INFINITE_RECURSION = YES;
				CLANG_WARN_INT_CONVERSION = YES;
				CLANG_WARN_NON_LITERAL_NULL_CONVERSION = YES;
				CLANG_WARN_OBJC_IMPLICIT_RETAIN_SELF = YES;
				CLANG_WARN_OBJC_LITERAL_CONVERSION = YES;
				CLANG_WARN_OBJC_ROOT_CLASS = YES_ERROR;
				CLANG_WARN_RANGE_LOOP_ANALYSIS = YES;
				CLANG_WARN_STRICT_PROTOTYPES = YES;
				CLANG_WARN_SUSPICIOUS_MOVE = YES;
				CLANG_WARN_UNGUARDED_AVAILABILITY = YES_AGGRESSIVE;
				CLANG_WARN_UNREACHABLE_CODE = YES;
				CLANG_WARN__DUPLICATE_METHOD_MATCH = YES;
				COPY_PHASE_STRIP = NO;
				DEBUG_INFORMATION_FORMAT = dwarf;
				ENABLE_STRICT_OBJC_MSGSEND = YES;
				ENABLE_TESTABILITY = YES;
				GCC_C_LANGUAGE_STANDARD = gnu11;
				GCC_DYNAMIC_NO_PIC = NO;
				GCC_NO_COMMON_BLOCKS = YES;
				GCC_OPTIMIZATION_LEVEL = 0;
				GCC_PREPROCESSOR_DEFINITIONS = (
					"DEBUG=1",
					"$(inherited)",
				);
				GCC_WARN_64_TO_32_BIT_CONVERSION = YES;
				GCC_WARN_ABOUT_RETURN_TYPE = YES_ERROR;
				GCC_WARN_UNDECLARED_SELECTOR = YES;
				GCC_WARN_UNINITIALIZED_AUTOS = YES_AGGRESSIVE;
				GCC_WARN_UNUSED_FUNCTION = YES;
				GCC_WARN_UNUSED_VARIABLE = YES;
				IPHONEOS_DEPLOYMENT_TARGET = 13.7;
				MTL_ENABLE_DEBUG_INFO = INCLUDE_SOURCE;
				MTL_FAST_MATH = YES;
				ONLY_ACTIVE_ARCH = YES;
				SDKROOT = iphoneos;
				SWIFT_ACTIVE_COMPILATION_CONDITIONS = DEBUG;
				SWIFT_OPTIMIZATION_LEVEL = "-Onone";
			};
			name = Debug;
		};
		2BF9FA4E2516BD97006ACEA5 /* Release */ = {
			isa = XCBuildConfiguration;
			buildSettings = {
				ALWAYS_SEARCH_USER_PATHS = NO;
				CLANG_ANALYZER_NONNULL = YES;
				CLANG_ANALYZER_NUMBER_OBJECT_CONVERSION = YES_AGGRESSIVE;
				CLANG_CXX_LANGUAGE_STANDARD = "gnu++14";
				CLANG_CXX_LIBRARY = "libc++";
				CLANG_ENABLE_MODULES = YES;
				CLANG_ENABLE_OBJC_ARC = YES;
				CLANG_ENABLE_OBJC_WEAK = YES;
				CLANG_WARN_BLOCK_CAPTURE_AUTORELEASING = YES;
				CLANG_WARN_BOOL_CONVERSION = YES;
				CLANG_WARN_COMMA = YES;
				CLANG_WARN_CONSTANT_CONVERSION = YES;
				CLANG_WARN_DEPRECATED_OBJC_IMPLEMENTATIONS = YES;
				CLANG_WARN_DIRECT_OBJC_ISA_USAGE = YES_ERROR;
				CLANG_WARN_DOCUMENTATION_COMMENTS = YES;
				CLANG_WARN_EMPTY_BODY = YES;
				CLANG_WARN_ENUM_CONVERSION = YES;
				CLANG_WARN_INFINITE_RECURSION = YES;
				CLANG_WARN_INT_CONVERSION = YES;
				CLANG_WARN_NON_LITERAL_NULL_CONVERSION = YES;
				CLANG_WARN_OBJC_IMPLICIT_RETAIN_SELF = YES;
				CLANG_WARN_OBJC_LITERAL_CONVERSION = YES;
				CLANG_WARN_OBJC_ROOT_CLASS = YES_ERROR;
				CLANG_WARN_RANGE_LOOP_ANALYSIS = YES;
				CLANG_WARN_STRICT_PROTOTYPES = YES;
				CLANG_WARN_SUSPICIOUS_MOVE = YES;
				CLANG_WARN_UNGUARDED_AVAILABILITY = YES_AGGRESSIVE;
				CLANG_WARN_UNREACHABLE_CODE = YES;
				CLANG_WARN__DUPLICATE_METHOD_MATCH = YES;
				COPY_PHASE_STRIP = NO;
				DEBUG_INFORMATION_FORMAT = "dwarf-with-dsym";
				ENABLE_NS_ASSERTIONS = NO;
				ENABLE_STRICT_OBJC_MSGSEND = YES;
				GCC_C_LANGUAGE_STANDARD = gnu11;
				GCC_NO_COMMON_BLOCKS = YES;
				GCC_WARN_64_TO_32_BIT_CONVERSION = YES;
				GCC_WARN_ABOUT_RETURN_TYPE = YES_ERROR;
				GCC_WARN_UNDECLARED_SELECTOR = YES;
				GCC_WARN_UNINITIALIZED_AUTOS = YES_AGGRESSIVE;
				GCC_WARN_UNUSED_FUNCTION = YES;
				GCC_WARN_UNUSED_VARIABLE = YES;
				IPHONEOS_DEPLOYMENT_TARGET = 13.7;
				MTL_ENABLE_DEBUG_INFO = NO;
				MTL_FAST_MATH = YES;
				SDKROOT = iphoneos;
				SWIFT_COMPILATION_MODE = wholemodule;
				SWIFT_OPTIMIZATION_LEVEL = "-O";
				VALIDATE_PRODUCT = YES;
			};
			name = Release;
		};
		2BF9FA502516BD97006ACEA5 /* Debug */ = {
			isa = XCBuildConfiguration;
			buildSettings = {
				ASSETCATALOG_COMPILER_APPICON_NAME = AppIcon;
				CODE_SIGN_STYLE = Automatic;
				DEVELOPMENT_TEAM = D958WM596Q;
				INFOPLIST_FILE = "Maintenance Tracker/Info.plist";
				LD_RUNPATH_SEARCH_PATHS = (
					"$(inherited)",
					"@executable_path/Frameworks",
				);
				PRODUCT_BUNDLE_IDENTIFIER = "GrahamNelson.Maintenance-Tracker";
				PRODUCT_NAME = "$(TARGET_NAME)";
				SWIFT_VERSION = 5.0;
				TARGETED_DEVICE_FAMILY = "1,2";
			};
			name = Debug;
		};
		2BF9FA512516BD97006ACEA5 /* Release */ = {
			isa = XCBuildConfiguration;
			buildSettings = {
				ASSETCATALOG_COMPILER_APPICON_NAME = AppIcon;
				CODE_SIGN_STYLE = Automatic;
				DEVELOPMENT_TEAM = D958WM596Q;
				INFOPLIST_FILE = "Maintenance Tracker/Info.plist";
				LD_RUNPATH_SEARCH_PATHS = (
					"$(inherited)",
					"@executable_path/Frameworks",
				);
				PRODUCT_BUNDLE_IDENTIFIER = "GrahamNelson.Maintenance-Tracker";
				PRODUCT_NAME = "$(TARGET_NAME)";
				SWIFT_VERSION = 5.0;
				TARGETED_DEVICE_FAMILY = "1,2";
			};
			name = Release;
		};
/* End XCBuildConfiguration section */

/* Begin XCConfigurationList section */
		2BF9FA332516BD95006ACEA5 /* Build configuration list for PBXProject "Maintenance Tracker" */ = {
			isa = XCConfigurationList;
			buildConfigurations = (
				2BF9FA4D2516BD97006ACEA5 /* Debug */,
				2BF9FA4E2516BD97006ACEA5 /* Release */,
			);
			defaultConfigurationIsVisible = 0;
			defaultConfigurationName = Release;
		};
		2BF9FA4F2516BD97006ACEA5 /* Build configuration list for PBXNativeTarget "Maintenance Tracker" */ = {
			isa = XCConfigurationList;
			buildConfigurations = (
				2BF9FA502516BD97006ACEA5 /* Debug */,
				2BF9FA512516BD97006ACEA5 /* Release */,
			);
			defaultConfigurationIsVisible = 0;
			defaultConfigurationName = Release;
		};
/* End XCConfigurationList section */

/* Begin XCVersionGroup section */
		2BF9FA442516BD95006ACEA5 /* Maintenance_Tracker.xcdatamodeld */ = {
			isa = XCVersionGroup;
			children = (
				2BF9FA452516BD95006ACEA5 /* Maintenance_Tracker.xcdatamodel */,
			);
			currentVersion = 2BF9FA452516BD95006ACEA5 /* Maintenance_Tracker.xcdatamodel */;
			path = Maintenance_Tracker.xcdatamodeld;
			sourceTree = "<group>";
			versionGroupType = wrapper.xcdatamodel;
		};
/* End XCVersionGroup section */
	};
	rootObject = 2BF9FA302516BD95006ACEA5 /* Project object */;
}
